// !$*UTF8*$!
{
	archiveVersion = 1;
	classes = {
	};
	objectVersion = 46;
	objects = {

/* Begin PBXBuildFile section */
		43E7F5411CE651D1007BEDDB /* main.m in Sources */ = {isa = PBXBuildFile; fileRef = 43E7F5401CE651D1007BEDDB /* main.m */; };
		43E7F5441CE651D1007BEDDB /* AppDelegate.m in Sources */ = {isa = PBXBuildFile; fileRef = 43E7F5431CE651D1007BEDDB /* AppDelegate.m */; };
		43E7F5471CE651D1007BEDDB /* ViewController.m in Sources */ = {isa = PBXBuildFile; fileRef = 43E7F5461CE651D1007BEDDB /* ViewController.m */; };
		43E7F54A1CE651D1007BEDDB /* Main.storyboard in Resources */ = {isa = PBXBuildFile; fileRef = 43E7F5481CE651D1007BEDDB /* Main.storyboard */; };
		43E7F54C1CE651D1007BEDDB /* Assets.xcassets in Resources */ = {isa = PBXBuildFile; fileRef = 43E7F54B1CE651D1007BEDDB /* Assets.xcassets */; };
		43E7F54F1CE651D1007BEDDB /* LaunchScreen.storyboard in Resources */ = {isa = PBXBuildFile; fileRef = 43E7F54D1CE651D1007BEDDB /* LaunchScreen.storyboard */; };
		43E7F55A1CE651D1007BEDDB /* Finger_PaintTests.m in Sources */ = {isa = PBXBuildFile; fileRef = 43E7F5591CE651D1007BEDDB /* Finger_PaintTests.m */; };
		43E7F5651CE651D1007BEDDB /* Finger_PaintUITests.m in Sources */ = {isa = PBXBuildFile; fileRef = 43E7F5641CE651D1007BEDDB /* Finger_PaintUITests.m */; };
/* End PBXBuildFile section */

/* Begin PBXContainerItemProxy section */
		43E7F5561CE651D1007BEDDB /* PBXContainerItemProxy */ = {
			isa = PBXContainerItemProxy;
			containerPortal = 43E7F5341CE651D1007BEDDB /* Project object */;
			proxyType = 1;
			remoteGlobalIDString = 43E7F53B1CE651D1007BEDDB;
			remoteInfo = "Finger Paint";
		};
		43E7F5611CE651D1007BEDDB /* PBXContainerItemProxy */ = {
			isa = PBXContainerItemProxy;
			containerPortal = 43E7F5341CE651D1007BEDDB /* Project object */;
			proxyType = 1;
			remoteGlobalIDString = 43E7F53B1CE651D1007BEDDB;
			remoteInfo = "Finger Paint";
		};
/* End PBXContainerItemProxy section */

/* Begin PBXFileReference section */
		43E7F53C1CE651D1007BEDDB /* Finger Paint.app */ = {isa = PBXFileReference; explicitFileType = wrapper.application; includeInIndex = 0; path = "Finger Paint.app"; sourceTree = BUILT_PRODUCTS_DIR; };
		43E7F5401CE651D1007BEDDB /* main.m */ = {isa = PBXFileReference; lastKnownFileType = sourcecode.c.objc; path = main.m; sourceTree = "<group>"; };
		43E7F5421CE651D1007BEDDB /* AppDelegate.h */ = {isa = PBXFileReference; lastKnownFileType = sourcecode.c.h; path = AppDelegate.h; sourceTree = "<group>"; };
		43E7F5431CE651D1007BEDDB /* AppDelegate.m */ = {isa = PBXFileReference; lastKnownFileType = sourcecode.c.objc; path = AppDelegate.m; sourceTree = "<group>"; };
		43E7F5451CE651D1007BEDDB /* ViewController.h */ = {isa = PBXFileReference; lastKnownFileType = sourcecode.c.h; path = ViewController.h; sourceTree = "<group>"; };
		43E7F5461CE651D1007BEDDB /* ViewController.m */ = {isa = PBXFileReference; lastKnownFileType = sourcecode.c.objc; path = ViewController.m; sourceTree = "<group>"; };
		43E7F5491CE651D1007BEDDB /* Base */ = {isa = PBXFileReference; lastKnownFileType = file.storyboard; name = Base; path = Base.lproj/Main.storyboard; sourceTree = "<group>"; };
		43E7F54B1CE651D1007BEDDB /* Assets.xcassets */ = {isa = PBXFileReference; lastKnownFileType = folder.assetcatalog; path = Assets.xcassets; sourceTree = "<group>"; };
		43E7F54E1CE651D1007BEDDB /* Base */ = {isa = PBXFileReference; lastKnownFileType = file.storyboard; name = Base; path = Base.lproj/LaunchScreen.storyboard; sourceTree = "<group>"; };
		43E7F5501CE651D1007BEDDB /* Info.plist */ = {isa = PBXFileReference; lastKnownFileType = text.plist.xml; path = Info.plist; sourceTree = "<group>"; };
		43E7F5551CE651D1007BEDDB /* Finger PaintTests.xctest */ = {isa = PBXFileReference; explicitFileType = wrapper.cfbundle; includeInIndex = 0; path = "Finger PaintTests.xctest"; sourceTree = BUILT_PRODUCTS_DIR; };
		43E7F5591CE651D1007BEDDB /* Finger_PaintTests.m */ = {isa = PBXFileReference; lastKnownFileType = sourcecode.c.objc; path = Finger_PaintTests.m; sourceTree = "<group>"; };
		43E7F55B1CE651D1007BEDDB /* Info.plist */ = {isa = PBXFileReference; lastKnownFileType = text.plist.xml; path = Info.plist; sourceTree = "<group>"; };
		43E7F5601CE651D1007BEDDB /* Finger PaintUITests.xctest */ = {isa = PBXFileReference; explicitFileType = wrapper.cfbundle; includeInIndex = 0; path = "Finger PaintUITests.xctest"; sourceTree = BUILT_PRODUCTS_DIR; };
		43E7F5641CE651D1007BEDDB /* Finger_PaintUITests.m */ = {isa = PBXFileReference; lastKnownFileType = sourcecode.c.objc; path = Finger_PaintUITests.m; sourceTree = "<group>"; };
		43E7F5661CE651D1007BEDDB /* Info.plist */ = {isa = PBXFileReference; lastKnownFileType = text.plist.xml; path = Info.plist; sourceTree = "<group>"; };
/* End PBXFileReference section */

/* Begin PBXFrameworksBuildPhase section */
		43E7F5391CE651D1007BEDDB /* Frameworks */ = {
			isa = PBXFrameworksBuildPhase;
			buildActionMask = 2147483647;
			files = (
			);
			runOnlyForDeploymentPostprocessing = 0;
		};
		43E7F5521CE651D1007BEDDB /* Frameworks */ = {
			isa = PBXFrameworksBuildPhase;
			buildActionMask = 2147483647;
			files = (
			);
			runOnlyForDeploymentPostprocessing = 0;
		};
		43E7F55D1CE651D1007BEDDB /* Frameworks */ = {
			isa = PBXFrameworksBuildPhase;
			buildActionMask = 2147483647;
			files = (
			);
			runOnlyForDeploymentPostprocessing = 0;
		};
/* End PBXFrameworksBuildPhase section */

/* Begin PBXGroup section */
		43E7F5331CE651D1007BEDDB = {
			isa = PBXGroup;
			children = (
				43E7F53E1CE651D1007BEDDB /* Finger Paint */,
				43E7F5581CE651D1007BEDDB /* Finger PaintTests */,
				43E7F5631CE651D1007BEDDB /* Finger PaintUITests */,
				43E7F53D1CE651D1007BEDDB /* Products */,
			);
			sourceTree = "<group>";
		};
		43E7F53D1CE651D1007BEDDB /* Products */ = {
			isa = PBXGroup;
			children = (
				43E7F53C1CE651D1007BEDDB /* Finger Paint.app */,
				43E7F5551CE651D1007BEDDB /* Finger PaintTests.xctest */,
				43E7F5601CE651D1007BEDDB /* Finger PaintUITests.xctest */,
			);
			name = Products;
			sourceTree = "<group>";
		};
		43E7F53E1CE651D1007BEDDB /* Finger Paint */ = {
			isa = PBXGroup;
			children = (
				43E7F5421CE651D1007BEDDB /* AppDelegate.h */,
				43E7F5431CE651D1007BEDDB /* AppDelegate.m */,
				43E7F5451CE651D1007BEDDB /* ViewController.h */,
				43E7F5461CE651D1007BEDDB /* ViewController.m */,
				43E7F5481CE651D1007BEDDB /* Main.storyboard */,
				43E7F54B1CE651D1007BEDDB /* Assets.xcassets */,
				43E7F54D1CE651D1007BEDDB /* LaunchScreen.storyboard */,
				43E7F5501CE651D1007BEDDB /* Info.plist */,
				43E7F53F1CE651D1007BEDDB /* Supporting Files */,
			);
			path = "Finger Paint";
			sourceTree = "<group>";
		};
		43E7F53F1CE651D1007BEDDB /* Supporting Files */ = {
			isa = PBXGroup;
			children = (
				43E7F5401CE651D1007BEDDB /* main.m */,
			);
			name = "Supporting Files";
			sourceTree = "<group>";
		};
		43E7F5581CE651D1007BEDDB /* Finger PaintTests */ = {
			isa = PBXGroup;
			children = (
				43E7F5591CE651D1007BEDDB /* Finger_PaintTests.m */,
				43E7F55B1CE651D1007BEDDB /* Info.plist */,
			);
			path = "Finger PaintTests";
			sourceTree = "<group>";
		};
		43E7F5631CE651D1007BEDDB /* Finger PaintUITests */ = {
			isa = PBXGroup;
			children = (
				43E7F5641CE651D1007BEDDB /* Finger_PaintUITests.m */,
				43E7F5661CE651D1007BEDDB /* Info.plist */,
			);
			path = "Finger PaintUITests";
			sourceTree = "<group>";
		};
/* End PBXGroup section */

/* Begin PBXNativeTarget section */
		43E7F53B1CE651D1007BEDDB /* Finger Paint */ = {
			isa = PBXNativeTarget;
			buildConfigurationList = 43E7F5691CE651D1007BEDDB /* Build configuration list for PBXNativeTarget "Finger Paint" */;
			buildPhases = (
				43E7F5381CE651D1007BEDDB /* Sources */,
				43E7F5391CE651D1007BEDDB /* Frameworks */,
				43E7F53A1CE651D1007BEDDB /* Resources */,
			);
			buildRules = (
			);
			dependencies = (
			);
			name = "Finger Paint";
			productName = "Finger Paint";
			productReference = 43E7F53C1CE651D1007BEDDB /* Finger Paint.app */;
			productType = "com.apple.product-type.application";
		};
		43E7F5541CE651D1007BEDDB /* Finger PaintTests */ = {
			isa = PBXNativeTarget;
			buildConfigurationList = 43E7F56C1CE651D1007BEDDB /* Build configuration list for PBXNativeTarget "Finger PaintTests" */;
			buildPhases = (
				43E7F5511CE651D1007BEDDB /* Sources */,
				43E7F5521CE651D1007BEDDB /* Frameworks */,
				43E7F5531CE651D1007BEDDB /* Resources */,
			);
			buildRules = (
			);
			dependencies = (
				43E7F5571CE651D1007BEDDB /* PBXTargetDependency */,
			);
			name = "Finger PaintTests";
			productName = "Finger PaintTests";
			productReference = 43E7F5551CE651D1007BEDDB /* Finger PaintTests.xctest */;
			productType = "com.apple.product-type.bundle.unit-test";
		};
		43E7F55F1CE651D1007BEDDB /* Finger PaintUITests */ = {
			isa = PBXNativeTarget;
			buildConfigurationList = 43E7F56F1CE651D1007BEDDB /* Build configuration list for PBXNativeTarget "Finger PaintUITests" */;
			buildPhases = (
				43E7F55C1CE651D1007BEDDB /* Sources */,
				43E7F55D1CE651D1007BEDDB /* Frameworks */,
				43E7F55E1CE651D1007BEDDB /* Resources */,
			);
			buildRules = (
			);
			dependencies = (
				43E7F5621CE651D1007BEDDB /* PBXTargetDependency */,
			);
			name = "Finger PaintUITests";
			productName = "Finger PaintUITests";
			productReference = 43E7F5601CE651D1007BEDDB /* Finger PaintUITests.xctest */;
			productType = "com.apple.product-type.bundle.ui-testing";
		};
/* End PBXNativeTarget section */

/* Begin PBXProject section */
		43E7F5341CE651D1007BEDDB /* Project object */ = {
			isa = PBXProject;
			attributes = {
				LastUpgradeCheck = 0730;
				ORGANIZATIONNAME = "Anthony Coelho";
				TargetAttributes = {
					43E7F53B1CE651D1007BEDDB = {
						CreatedOnToolsVersion = 7.3.1;
					};
					43E7F5541CE651D1007BEDDB = {
						CreatedOnToolsVersion = 7.3.1;
						TestTargetID = 43E7F53B1CE651D1007BEDDB;
					};
					43E7F55F1CE651D1007BEDDB = {
						CreatedOnToolsVersion = 7.3.1;
						TestTargetID = 43E7F53B1CE651D1007BEDDB;
					};
				};
			};
			buildConfigurationList = 43E7F5371CE651D1007BEDDB /* Build configuration list for PBXProject "Finger Paint" */;
			compatibilityVersion = "Xcode 3.2";
			developmentRegion = English;
			hasScannedForEncodings = 0;
			knownRegions = (
				en,
				Base,
			);
			mainGroup = 43E7F5331CE651D1007BEDDB;
			productRefGroup = 43E7F53D1CE651D1007BEDDB /* Products */;
			projectDirPath = "";
			projectRoot = "";
			targets = (
				43E7F53B1CE651D1007BEDDB /* Finger Paint */,
				43E7F5541CE651D1007BEDDB /* Finger PaintTests */,
				43E7F55F1CE651D1007BEDDB /* Finger PaintUITests */,
			);
		};
/* End PBXProject section */

/* Begin PBXResourcesBuildPhase section */
		43E7F53A1CE651D1007BEDDB /* Resources */ = {
			isa = PBXResourcesBuildPhase;
			buildActionMask = 2147483647;
			files = (
				43E7F54F1CE651D1007BEDDB /* LaunchScreen.storyboard in Resources */,
				43E7F54C1CE651D1007BEDDB /* Assets.xcassets in Resources */,
				43E7F54A1CE651D1007BEDDB /* Main.storyboard in Resources */,
			);
			runOnlyForDeploymentPostprocessing = 0;
		};
		43E7F5531CE651D1007BEDDB /* Resources */ = {
			isa = PBXResourcesBuildPhase;
			buildActionMask = 2147483647;
			files = (
			);
			runOnlyForDeploymentPostprocessing = 0;
		};
		43E7F55E1CE651D1007BEDDB /* Resources */ = {
			isa = PBXResourcesBuildPhase;
			buildActionMask = 2147483647;
			files = (
			);
			runOnlyForDeploymentPostprocessing = 0;
		};
/* End PBXResourcesBuildPhase section */

/* Begin PBXSourcesBuildPhase section */
		43E7F5381CE651D1007BEDDB /* Sources */ = {
			isa = PBXSourcesBuildPhase;
			buildActionMask = 2147483647;
			files = (
				43E7F5471CE651D1007BEDDB /* ViewController.m in Sources */,
				43E7F5441CE651D1007BEDDB /* AppDelegate.m in Sources */,
				43E7F5411CE651D1007BEDDB /* main.m in Sources */,
			);
			runOnlyForDeploymentPostprocessing = 0;
		};
		43E7F5511CE651D1007BEDDB /* Sources */ = {
			isa = PBXSourcesBuildPhase;
			buildActionMask = 2147483647;
			files = (
				43E7F55A1CE651D1007BEDDB /* Finger_PaintTests.m in Sources */,
			);
			runOnlyForDeploymentPostprocessing = 0;
		};
		43E7F55C1CE651D1007BEDDB /* Sources */ = {
			isa = PBXSourcesBuildPhase;
			buildActionMask = 2147483647;
			files = (
				43E7F5651CE651D1007BEDDB /* Finger_PaintUITests.m in Sources */,
			);
			runOnlyForDeploymentPostprocessing = 0;
		};
/* End PBXSourcesBuildPhase section */

/* Begin PBXTargetDependency section */
		43E7F5571CE651D1007BEDDB /* PBXTargetDependency */ = {
			isa = PBXTargetDependency;
			target = 43E7F53B1CE651D1007BEDDB /* Finger Paint */;
			targetProxy = 43E7F5561CE651D1007BEDDB /* PBXContainerItemProxy */;
		};
		43E7F5621CE651D1007BEDDB /* PBXTargetDependency */ = {
			isa = PBXTargetDependency;
			target = 43E7F53B1CE651D1007BEDDB /* Finger Paint */;
			targetProxy = 43E7F5611CE651D1007BEDDB /* PBXContainerItemProxy */;
		};
/* End PBXTargetDependency section */

/* Begin PBXVariantGroup section */
		43E7F5481CE651D1007BEDDB /* Main.storyboard */ = {
			isa = PBXVariantGroup;
			children = (
				43E7F5491CE651D1007BEDDB /* Base */,
			);
			name = Main.storyboard;
			sourceTree = "<group>";
		};
		43E7F54D1CE651D1007BEDDB /* LaunchScreen.storyboard */ = {
			isa = PBXVariantGroup;
			children = (
				43E7F54E1CE651D1007BEDDB /* Base */,
			);
			name = LaunchScreen.storyboard;
			sourceTree = "<group>";
		};
/* End PBXVariantGroup section */

/* Begin XCBuildConfiguration section */
		43E7F5671CE651D1007BEDDB /* Debug */ = {
			isa = XCBuildConfiguration;
			buildSettings = {
				ALWAYS_SEARCH_USER_PATHS = NO;
				CLANG_ANALYZER_NONNULL = YES;
				CLANG_CXX_LANGUAGE_STANDARD = "gnu++0x";
				CLANG_CXX_LIBRARY = "libc++";
				CLANG_ENABLE_MODULES = YES;
				CLANG_ENABLE_OBJC_ARC = YES;
				CLANG_WARN_BOOL_CONVERSION = YES;
				CLANG_WARN_CONSTANT_CONVERSION = YES;
				CLANG_WARN_DIRECT_OBJC_ISA_USAGE = YES_ERROR;
				CLANG_WARN_EMPTY_BODY = YES;
				CLANG_WARN_ENUM_CONVERSION = YES;
				CLANG_WARN_INT_CONVERSION = YES;
				CLANG_WARN_OBJC_ROOT_CLASS = YES_ERROR;
				CLANG_WARN_UNREACHABLE_CODE = YES;
				CLANG_WARN__DUPLICATE_METHOD_MATCH = YES;
				"CODE_SIGN_IDENTITY[sdk=iphoneos*]" = "iPhone Developer";
				COPY_PHASE_STRIP = NO;
				DEBUG_INFORMATION_FORMAT = dwarf;
				ENABLE_STRICT_OBJC_MSGSEND = YES;
				ENABLE_TESTABILITY = YES;
				GCC_C_LANGUAGE_STANDARD = gnu99;
				GCC_DYNAMIC_NO_PIC = NO;
				GCC_NO_COMMON_BLOCKS = YES;
				GCC_OPTIMIZATION_LEVEL = 0;
				GCC_PREPROCESSOR_DEFINITIONS = (
					"DEBUG=1",
					"$(inherited)",
				);
				GCC_WARN_64_TO_32_BIT_CONVERSION = YES;
				GCC_WARN_ABOUT_RETURN_TYPE = YES_ERROR;
				GCC_WARN_UNDECLARED_SELECTOR = YES;
				GCC_WARN_UNINITIALIZED_AUTOS = YES_AGGRESSIVE;
				GCC_WARN_UNUSED_FUNCTION = YES;
				GCC_WARN_UNUSED_VARIABLE = YES;
				IPHONEOS_DEPLOYMENT_TARGET = 9.3;
				MTL_ENABLE_DEBUG_INFO = YES;
				ONLY_ACTIVE_ARCH = YES;
				SDKROOT = iphoneos;
				TARGETED_DEVICE_FAMILY = "1,2";
			};
			name = Debug;
		};
		43E7F5681CE651D1007BEDDB /* Release */ = {
			isa = XCBuildConfiguration;
			buildSettings = {
				ALWAYS_SEARCH_USER_PATHS = NO;
				CLANG_ANALYZER_NONNULL = YES;
				CLANG_CXX_LANGUAGE_STANDARD = "gnu++0x";
				CLANG_CXX_LIBRARY = "libc++";
				CLANG_ENABLE_MODULES = YES;
				CLANG_ENABLE_OBJC_ARC = YES;
				CLANG_WARN_BOOL_CONVERSION = YES;
				CLANG_WARN_CONSTANT_CONVERSION = YES;
				CLANG_WARN_DIRECT_OBJC_ISA_USAGE = YES_ERROR;
				CLANG_WARN_EMPTY_BODY = YES;
				CLANG_WARN_ENUM_CONVERSION = YES;
				CLANG_WARN_INT_CONVERSION = YES;
				CLANG_WARN_OBJC_ROOT_CLASS = YES_ERROR;
				CLANG_WARN_UNREACHABLE_CODE = YES;
				CLANG_WARN__DUPLICATE_METHOD_MATCH = YES;
				"CODE_SIGN_IDENTITY[sdk=iphoneos*]" = "iPhone Developer";
				COPY_PHASE_STRIP = NO;
				DEBUG_INFORMATION_FORMAT = "dwarf-with-dsym";
				ENABLE_NS_ASSERTIONS = NO;
				ENABLE_STRICT_OBJC_MSGSEND = YES;
				GCC_C_LANGUAGE_STANDARD = gnu99;
				GCC_NO_COMMON_BLOCKS = YES;
				GCC_WARN_64_TO_32_BIT_CONVERSION = YES;
				GCC_WARN_ABOUT_RETURN_TYPE = YES_ERROR;
				GCC_WARN_UNDECLARED_SELECTOR = YES;
				GCC_WARN_UNINITIALIZED_AUTOS = YES_AGGRESSIVE;
				GCC_WARN_UNUSED_FUNCTION = YES;
				GCC_WARN_UNUSED_VARIABLE = YES;
				IPHONEOS_DEPLOYMENT_TARGET = 9.3;
				MTL_ENABLE_DEBUG_INFO = NO;
				SDKROOT = iphoneos;
				TARGETED_DEVICE_FAMILY = "1,2";
				VALIDATE_PRODUCT = YES;
			};
			name = Release;
		};
		43E7F56A1CE651D1007BEDDB /* Debug */ = {
			isa = XCBuildConfiguration;
			buildSettings = {
				ASSETCATALOG_COMPILER_APPICON_NAME = AppIcon;
				INFOPLIST_FILE = "Finger Paint/Info.plist";
				LD_RUNPATH_SEARCH_PATHS = "$(inherited) @executable_path/Frameworks";
				PRODUCT_BUNDLE_IDENTIFIER = "Vectura.Finger-Paint";
				PRODUCT_NAME = "$(TARGET_NAME)";
			};
			name = Debug;
		};
		43E7F56B1CE651D1007BEDDB /* Release */ = {
			isa = XCBuildConfiguration;
			buildSettings = {
				ASSETCATALOG_COMPILER_APPICON_NAME = AppIcon;
				INFOPLIST_FILE = "Finger Paint/Info.plist";
				LD_RUNPATH_SEARCH_PATHS = "$(inherited) @executable_path/Frameworks";
				PRODUCT_BUNDLE_IDENTIFIER = "Vectura.Finger-Paint";
				PRODUCT_NAME = "$(TARGET_NAME)";
			};
			name = Release;
		};
		43E7F56D1CE651D1007BEDDB /* Debug */ = {
			isa = XCBuildConfiguration;
			buildSettings = {
				BUNDLE_LOADER = "$(TEST_HOST)";
				INFOPLIST_FILE = "Finger PaintTests/Info.plist";
				LD_RUNPATH_SEARCH_PATHS = "$(inherited) @executable_path/Frameworks @loader_path/Frameworks";
				PRODUCT_BUNDLE_IDENTIFIER = "Vectura.Finger-PaintTests";
				PRODUCT_NAME = "$(TARGET_NAME)";
				TEST_HOST = "$(BUILT_PRODUCTS_DIR)/Finger Paint.app/Finger Paint";
			};
			name = Debug;
		};
		43E7F56E1CE651D1007BEDDB /* Release */ = {
			isa = XCBuildConfiguration;
			buildSettings = {
				BUNDLE_LOADER = "$(TEST_HOST)";
				INFOPLIST_FILE = "Finger PaintTests/Info.plist";
				LD_RUNPATH_SEARCH_PATHS = "$(inherited) @executable_path/Frameworks @loader_path/Frameworks";
				PRODUCT_BUNDLE_IDENTIFIER = "Vectura.Finger-PaintTests";
				PRODUCT_NAME = "$(TARGET_NAME)";
				TEST_HOST = "$(BUILT_PRODUCTS_DIR)/Finger Paint.app/Finger Paint";
			};
			name = Release;
		};
		43E7F5701CE651D1007BEDDB /* Debug */ = {
			isa = XCBuildConfiguration;
			buildSettings = {
				INFOPLIST_FILE = "Finger PaintUITests/Info.plist";
				LD_RUNPATH_SEARCH_PATHS = "$(inherited) @executable_path/Frameworks @loader_path/Frameworks";
				PRODUCT_BUNDLE_IDENTIFIER = "Vectura.Finger-PaintUITests";
				PRODUCT_NAME = "$(TARGET_NAME)";
				TEST_TARGET_NAME = "Finger Paint";
			};
			name = Debug;
		};
		43E7F5711CE651D1007BEDDB /* Release */ = {
			isa = XCBuildConfiguration;
			buildSettings = {
				INFOPLIST_FILE = "Finger PaintUITests/Info.plist";
				LD_RUNPATH_SEARCH_PATHS = "$(inherited) @executable_path/Frameworks @loader_path/Frameworks";
				PRODUCT_BUNDLE_IDENTIFIER = "Vectura.Finger-PaintUITests";
				PRODUCT_NAME = "$(TARGET_NAME)";
				TEST_TARGET_NAME = "Finger Paint";
			};
			name = Release;
		};
/* End XCBuildConfiguration section */

/* Begin XCConfigurationList section */
		43E7F5371CE651D1007BEDDB /* Build configuration list for PBXProject "Finger Paint" */ = {
			isa = XCConfigurationList;
			buildConfigurations = (
				43E7F5671CE651D1007BEDDB /* Debug */,
				43E7F5681CE651D1007BEDDB /* Release */,
			);
			defaultConfigurationIsVisible = 0;
			defaultConfigurationName = Release;
		};
		43E7F5691CE651D1007BEDDB /* Build configuration list for PBXNativeTarget "Finger Paint" */ = {
			isa = XCConfigurationList;
			buildConfigurations = (
				43E7F56A1CE651D1007BEDDB /* Debug */,
				43E7F56B1CE651D1007BEDDB /* Release */,
			);
			defaultConfigurationIsVisible = 0;
		};
		43E7F56C1CE651D1007BEDDB /* Build configuration list for PBXNativeTarget "Finger PaintTests" */ = {
			isa = XCConfigurationList;
			buildConfigurations = (
				43E7F56D1CE651D1007BEDDB /* Debug */,
				43E7F56E1CE651D1007BEDDB /* Release */,
			);
			defaultConfigurationIsVisible = 0;
		};
		43E7F56F1CE651D1007BEDDB /* Build configuration list for PBXNativeTarget "Finger PaintUITests" */ = {
			isa = XCConfigurationList;
			buildConfigurations = (
				43E7F5701CE651D1007BEDDB /* Debug */,
				43E7F5711CE651D1007BEDDB /* Release */,
			);
			defaultConfigurationIsVisible = 0;
		};
/* End XCConfigurationList section */
	};
	rootObject = 43E7F5341CE651D1007BEDDB /* Project object */;
}
